
Microsoft Visual Studio Solution File, Format Version 12.00
# Visual Studio Version 17
VisualStudioVersion = 17.10.34928.147
MinimumVisualStudioVersion = 10.0.40219.1
Project("{FAE04EC0-301F-11D3-BF4B-00C04F79EFBC}") = "QualExercicioAPI", "QualExercicioAPI.csproj", "{325ABD19-2B02-4176-8F0F-B985287D1F3C}"
EndProject
Global
	GlobalSection(SolutionConfigurationPlatforms) = preSolution
		Debug|Any CPU = Debug|Any CPU
		Release|Any CPU = Release|Any CPU
	EndGlobalSection
	GlobalSection(ProjectConfigurationPlatforms) = postSolution
		{325ABD19-2B02-4176-8F0F-B985287D1F3C}.Debug|Any CPU.ActiveCfg = Debug|Any CPU
		{325ABD19-2B02-4176-8F0F-B985287D1F3C}.Debug|Any CPU.Build.0 = Debug|Any CPU
		{325ABD19-2B02-4176-8F0F-B985287D1F3C}.Release|Any CPU.ActiveCfg = Release|Any CPU
		{325ABD19-2B02-4176-8F0F-B985287D1F3C}.Release|Any CPU.Build.0 = Release|Any CPU
	EndGlobalSection
	GlobalSection(SolutionProperties) = preSolution
		HideSolutionNode = FALSE
	EndGlobalSection
	GlobalSection(ExtensibilityGlobals) = postSolution
		SolutionGuid = {74B9BBEC-0473-4E1A-9F08-F0ECF42CB138}
	EndGlobalSection
EndGlobal
